# THIS IS AN AUTOGENERATED FILE. DO NOT EDIT THIS FILE DIRECTLY.
# yarn lockfile v1


"@types/unist@^2.0.0", "@types/unist@^2.0.2":
  version "2.0.3"
  resolved "https://registry.yarnpkg.com/@types/unist/-/unist-2.0.3.tgz#9c088679876f374eb5983f150d4787aa6fb32d7e"
  integrity sha512-FvUupuM3rlRsRtCN+fDudtmytGO6iHJuuRKS1Ss0pG5z8oX0diNEw94UEL7hgDbpN94rgaK5R7sWm6RrSkZuAQ==

array-iterate@^1.0.0:
  version "1.1.4"
  resolved "https://registry.yarnpkg.com/array-iterate/-/array-iterate-1.1.4.tgz#add1522e9dd9749bb41152d08b845bd08d6af8b7"
  integrity sha512-sNRaPGh9nnmdC8Zf+pT3UqP8rnWj5Hf9wiFGsX3wUQ2yVSIhO2ShFwCoceIPpB41QF6i2OEmrHmCo36xronCVA==

bail@^1.0.0:
  version "1.0.5"
  resolved "https://registry.yarnpkg.com/bail/-/bail-1.0.5.tgz#b6fa133404a392cbc1f8c4bf63f5953351e7a776"
  integrity sha512-xFbRxM1tahm08yHBP16MMjVUAvDaBMD38zsM9EMAUN61omwLmKlOpB/Zku5QkjZ8TZ4vn53pj+t518cH0S03RQ==

extend@^3.0.0:
  version "3.0.2"
  resolved "https://registry.yarnpkg.com/extend/-/extend-3.0.2.tgz#f8b1136b4071fbd8eb140aff858b1019ec2915fa"
  integrity sha512-fjquC59cD7CyW6urNXK0FBufkZcoiGG80wTuPujX590cB5Ttln20E2UB4S/WARVqhXffZl2LNgS+gQdPIIim/g==

flatmap@0.0.3:
  version "0.0.3"
  resolved "https://registry.yarnpkg.com/flatmap/-/flatmap-0.0.3.tgz#1f18a4d938152d495965f9c958d923ab2dd669b4"
  integrity sha1-Hxik2TgVLUlZZfnJWNkjqy3WabQ=

inherits@^2.0.0:
  version "2.0.4"
  resolved "https://registry.yarnpkg.com/inherits/-/inherits-2.0.4.tgz#0fa2c64f932917c3433a0ded55363aae37416b7c"
  integrity sha512-k/vGaX4/Yla3WzyMCvTQOXYeIHvqOKtnqBduzTHpzpQZzAskKMhZ2K+EnBiSM9zGSoIFeMpXKxa4dYeZIQqewQ==

is-buffer@^2.0.0:
  version "2.0.4"
  resolved "https://registry.yarnpkg.com/is-buffer/-/is-buffer-2.0.4.tgz#3e572f23c8411a5cfd9557c849e3665e0b290623"
  integrity sha512-Kq1rokWXOPXWuaMAqZiJW4XxsmD9zGx9q4aePabbn3qCRGedtH7Cm+zV8WETitMfu1wdh+Rvd6w5egwSngUX2A==

is-plain-obj@^2.0.0:
  version "2.1.0"
  resolved "https://registry.yarnpkg.com/is-plain-obj/-/is-plain-obj-2.1.0.tgz#45e42e37fccf1f40da8e5f76ee21515840c09287"
  integrity sha512-YWnfyRwxL/+SsrWYfOpUtz5b3YD+nyfkHvjbcanzk8zgyO4ASD67uVMRt8k5bM4lLMDnXfriRhOpemw+NfT1eA==

nlcst-to-string@^2.0.0, nlcst-to-string@^2.0.4:
  version "2.0.4"
  resolved "https://registry.yarnpkg.com/nlcst-to-string/-/nlcst-to-string-2.0.4.tgz#9315dfab80882bbfd86ddf1b706f53622dc400cc"
  integrity sha512-3x3jwTd6UPG7vi5k4GEzvxJ5rDA7hVUIRNHPblKuMVP9Z3xmlsd9cgLcpAMkc5uPOBna82EeshROFhsPkbnTZg==

parse-latin@^4.0.0:
  version "4.2.1"
  resolved "https://registry.yarnpkg.com/parse-latin/-/parse-latin-4.2.1.tgz#b78c57c026cdf8e4e9924b296a2d0aa69877fab8"
  integrity sha512-7T9g6mIsFFpLlo0Zzb2jLWdCt+H9Qtf/hRmMYFi/Mq6Ovi+YKo+AyDFX3OhFfu0vXX5Nid9FKJGKSSzNcTkWiA==
  dependencies:
    nlcst-to-string "^2.0.0"
    unist-util-modify-children "^1.0.0"
    unist-util-visit-children "^1.0.0"

pos@^0.4.2:
  version "0.4.2"
  resolved "https://registry.yarnpkg.com/pos/-/pos-0.4.2.tgz#20e9c77fbeedcc356823cea63c7585cace93be2a"
  integrity sha1-IOnHf77tzDVoI86mPHWFys6Tvio=

replace-ext@1.0.0:
  version "1.0.0"
  resolved "https://registry.yarnpkg.com/replace-ext/-/replace-ext-1.0.0.tgz#de63128373fcbf7c3ccfa4de5a480c45a67958eb"
  integrity sha1-3mMSg3P8v3w8z6TeWkgMRaZ5WOs=

retext-keywords@^5.0.0:
  version "5.0.0"
  resolved "https://registry.yarnpkg.com/retext-keywords/-/retext-keywords-5.0.0.tgz#4d7c2a5c5da347ad0e0ebb9240a90fdc418b6001"
  integrity sha512-rt+L4Ll6U98ydArqzRtuoWVsVjOjw0WDA2p5fwUX76paatI3/BCO7Il97OhZ0fd5C6nxWWtO9XwO1PiHmlI9Cg==
  dependencies:
    nlcst-to-string "^2.0.0"
    stemmer "^1.0.0"
    unist-util-visit "^1.0.0"

retext-latin@^2.0.0:
  version "2.0.4"
  resolved "https://registry.yarnpkg.com/retext-latin/-/retext-latin-2.0.4.tgz#ef5d34ae7641ae56b0675ea391095e8ee762b251"
  integrity sha512-fOoSSoQgDZ+l/uS81oxI3alBghDUPja0JEl0TpQxI6MN+dhM6fLFumPJwMZ4PJTyL5FFAgjlsdv8IX+6IRuwMw==
  dependencies:
    parse-latin "^4.0.0"
    unherit "^1.0.4"

retext-pos@^2.0.2:
  version "2.0.2"
  resolved "https://registry.yarnpkg.com/retext-pos/-/retext-pos-2.0.2.tgz#a552e5af3d61fa5cb2903e09b1d6dc1814d284ca"
  integrity sha512-ranVA3ucvW8yKohNA+TTBHGza+/+kWb+yqKFfvGJDD5FlukmG36tcDKJcUklY3O7QZnTm5vAArFPWRQibWNcmA==
  dependencies:
    nlcst-to-string "^2.0.0"
    pos "^0.4.2"
    unist-util-visit "^1.0.0"

retext-stringify@^2.0.0:
  version "2.0.4"
  resolved "https://registry.yarnpkg.com/retext-stringify/-/retext-stringify-2.0.4.tgz#496d6c532f7dc6d15e4b262de0266e828f72efa9"
  integrity sha512-xOtx5mFJBoT3j7PBtiY2I+mEGERNniofWktI1cKXvjMEJPOuqve0dghLHO1+gz/gScLn4zqspDGv4kk2wS5kSA==
  dependencies:
    nlcst-to-string "^2.0.0"

retext@^7.0.1:
  version "7.0.1"
  resolved "https://registry.yarnpkg.com/retext/-/retext-7.0.1.tgz#04b7965ab78fe6e5e3a489304545b460d41bf5aa"
  integrity sha512-N0IaEDkvUjqyfn3/gwxVfI51IxfGzOiVXqPLWnKeCDbiQdxSg0zebzHPxXWnL7TeplAJ+RE4uqrXyYN//s9HjQ==
  dependencies:
    retext-latin "^2.0.0"
    retext-stringify "^2.0.0"
    unified "^8.0.0"

stemmer@^1.0.0:
  version "1.0.5"
  resolved "https://registry.yarnpkg.com/stemmer/-/stemmer-1.0.5.tgz#fd89beaf8bff5d04b6643bfffcaed0fc420deec0"
  integrity sha512-SLq7annzSKRDStasOJJoftCSCzBCKmBmH38jC4fDtCunAqOzpTpIm9zmaHmwNJiZ8gLe9qpVdBVbEG2DC5dE2A==

to-vfile@^6.0.0:
  version "6.0.0"
  resolved "https://registry.yarnpkg.com/to-vfile/-/to-vfile-6.0.0.tgz#96c4aa0ee09c51dd4e8fd0b9c11da040d7dba9ea"
  integrity sha512-i9fwXXSsHLu7mzgixc1WjgnqSe6pGpjnzCYoFmrASvEueLfyKf09QAe+XQYu8OAJ62aFqHpe2EKXojeRVvEzqA==
  dependencies:
    is-buffer "^2.0.0"
    vfile "^4.0.0"

trough@^1.0.0:
  version "1.0.5"
  resolved "https://registry.yarnpkg.com/trough/-/trough-1.0.5.tgz#b8b639cefad7d0bb2abd37d433ff8293efa5f406"
  integrity sha512-rvuRbTarPXmMb79SmzEp8aqXNKcK+y0XaB298IXueQ8I2PsrATcPBCSPyK/dDNa2iWOhKlfNnOjdAOTBU/nkFA==

unherit@^1.0.4:
  version "1.1.3"
  resolved "https://registry.yarnpkg.com/unherit/-/unherit-1.1.3.tgz#6c9b503f2b41b262330c80e91c8614abdaa69c22"
  integrity sha512-Ft16BJcnapDKp0+J/rqFC3Rrk6Y/Ng4nzsC028k2jdDII/rdZ7Wd3pPT/6+vIIxRagwRc9K0IUX0Ra4fKvw+WQ==
  dependencies:
    inherits "^2.0.0"
    xtend "^4.0.0"

unified@^8.0.0:
  version "8.4.2"
  resolved "https://registry.yarnpkg.com/unified/-/unified-8.4.2.tgz#13ad58b4a437faa2751a4a4c6a16f680c500fff1"
  integrity sha512-JCrmN13jI4+h9UAyKEoGcDZV+i1E7BLFuG7OsaDvTXI5P0qhHX+vZO/kOhz9jn8HGENDKbwSeB0nVOg4gVStGA==
  dependencies:
    bail "^1.0.0"
    extend "^3.0.0"
    is-plain-obj "^2.0.0"
    trough "^1.0.0"
    vfile "^4.0.0"

unist-util-filter@^2.0.2:
  version "2.0.2"
  resolved "https://registry.yarnpkg.com/unist-util-filter/-/unist-util-filter-2.0.2.tgz#b6cc310691d4b738782bdae3a7945f3d916a0e96"
  integrity sha512-yHcR4YpvFzKx8EN9i2HhTORIR3zYC6YwsW6b2nuk8EI/3gps2YC008S+KJRyNuPViqScYQdrI67ceOryNL9EUQ==
  dependencies:
    flatmap "0.0.3"
    unist-util-is "^4.0.0"

unist-util-is@^3.0.0:
  version "3.0.0"
  resolved "https://registry.yarnpkg.com/unist-util-is/-/unist-util-is-3.0.0.tgz#d9e84381c2468e82629e4a5be9d7d05a2dd324cd"
  integrity sha512-sVZZX3+kspVNmLWBPAB6r+7D9ZgAFPNWm66f7YNb420RlQSbn+n8rG8dGZSkrER7ZIXGQYNm5pqC3v3HopH24A==

unist-util-is@^4.0.0:
  version "4.0.2"
  resolved "https://registry.yarnpkg.com/unist-util-is/-/unist-util-is-4.0.2.tgz#c7d1341188aa9ce5b3cff538958de9895f14a5de"
  integrity sha512-Ofx8uf6haexJwI1gxWMGg6I/dLnF2yE+KibhD3/diOqY2TinLcqHXCV6OI5gFVn3xQqDH+u0M625pfKwIwgBKQ==

unist-util-modify-children@^1.0.0:
  version "1.1.6"
  resolved "https://registry.yarnpkg.com/unist-util-modify-children/-/unist-util-modify-children-1.1.6.tgz#1587130ca0ab5c56155fa60837ff524c3fbfbfaa"
  integrity sha512-TOA6W9QLil+BrHqIZNR4o6IA5QwGOveMbnQxnWYq+7EFORx9vz/CHrtzF36zWrW61E2UKw7sM1KPtIgeceVwXw==
  dependencies:
    array-iterate "^1.0.0"

unist-util-stringify-position@^2.0.0:
  version "2.0.2"
  resolved "https://registry.yarnpkg.com/unist-util-stringify-position/-/unist-util-stringify-position-2.0.2.tgz#5a3866e7138d55974b640ec69a94bc19e0f3fa12"
  integrity sha512-nK5n8OGhZ7ZgUwoUbL8uiVRwAbZyzBsB/Ddrlbu6jwwubFza4oe15KlyEaLNMXQW1svOQq4xesUeqA85YrIUQA==
  dependencies:
    "@types/unist" "^2.0.2"

unist-util-visit-children@^1.0.0:
  version "1.1.4"
  resolved "https://registry.yarnpkg.com/unist-util-visit-children/-/unist-util-visit-children-1.1.4.tgz#e8a087e58a33a2815f76ea1901c15dec2cb4b432"
  integrity sha512-sA/nXwYRCQVRwZU2/tQWUqJ9JSFM1X3x7JIOsIgSzrFHcfVt6NkzDtKzyxg2cZWkCwGF9CO8x4QNZRJRMK8FeQ==

unist-util-visit-parents@^2.0.0:
  version "2.1.2"
  resolved "https://registry.yarnpkg.com/unist-util-visit-parents/-/unist-util-visit-parents-2.1.2.tgz#25e43e55312166f3348cae6743588781d112c1e9"
  integrity sha512-DyN5vD4NE3aSeB+PXYNKxzGsfocxp6asDc2XXE3b0ekO2BaRUpBicbbUygfSvYfUz1IkmjFR1YF7dPklraMZ2g==
  dependencies:
    unist-util-is "^3.0.0"

unist-util-visit@^1.0.0:
  version "1.4.1"
  resolved "https://registry.yarnpkg.com/unist-util-visit/-/unist-util-visit-1.4.1.tgz#4724aaa8486e6ee6e26d7ff3c8685960d560b1e3"
  integrity sha512-AvGNk7Bb//EmJZyhtRUnNMEpId/AZ5Ph/KUpTI09WHQuDZHKovQ1oEv3mfmKpWKtoMzyMC4GLBm1Zy5k12fjIw==
  dependencies:
    unist-util-visit-parents "^2.0.0"

vfile-message@^2.0.0:
  version "2.0.2"
  resolved "https://registry.yarnpkg.com/vfile-message/-/vfile-message-2.0.2.tgz#75ba05090ec758fa8420f2c11ce049bcddd8cf3e"
  integrity sha512-gNV2Y2fDvDOOqq8bEe7cF3DXU6QgV4uA9zMR2P8tix11l1r7zju3zry3wZ8sx+BEfuO6WQ7z2QzfWTvqHQiwsA==
  dependencies:
    "@types/unist" "^2.0.0"
    unist-util-stringify-position "^2.0.0"

vfile@^4.0.0:
  version "4.0.2"
  resolved "https://registry.yarnpkg.com/vfile/-/vfile-4.0.2.tgz#71af004d4a710b0e6be99c894655bc56126d5d56"
  integrity sha512-yhoTU5cDMSsaeaMfJ5g0bUKYkYmZhAh9fn9TZicxqn+Cw4Z439il2v3oT9S0yjlpqlI74aFOQCt3nOV+pxzlkw==
  dependencies:
    "@types/unist" "^2.0.0"
    is-buffer "^2.0.0"
    replace-ext "1.0.0"
    unist-util-stringify-position "^2.0.0"
    vfile-message "^2.0.0"

xtend@^4.0.0:
  version "4.0.2"
  resolved "https://registry.yarnpkg.com/xtend/-/xtend-4.0.2.tgz#bb72779f5fa465186b1f438f674fa347fdb5db54"
  integrity sha512-LKYU1iAXJXUgAXn9URjiu+MWhyUXHsvfp7mcuYm9dSUKK0/CjtrUwFAxD82/mCWbtLsGjFIad0wIsod4zrTAEQ==
